<?xml version="1.0" encoding="utf-8"?>
<Project ToolsVersion="4.0" xmlns="http://schemas.microsoft.com/developer/msbuild/2003">
  <ItemGroup>
    <ClCompile Include="godot_dart.cpp" />
    <ClCompile Include="dart_bindings.cpp" />
    <ClCompile Include="gde_wrapper..cpp" />
    <ClCompile Include="godot_string_wrappers.cpp" />
    <ClCompile Include="dart_script_instance.cpp" />
    <ClCompile Include="gde_dart_converters.cpp" />
    <ClCompile Include="gde_c_interface.cpp" />
    <ClCompile Include="ref_counted_wrapper.cpp" />
    <ClCompile Include="dart_godot_binding.cpp" />
  </ItemGroup>
  <ItemGroup>
    <ClInclude Include="dart_bindings.h" />
    <ClInclude Include="gde_wrapper.h" />
    <ClInclude Include="godot_string_helpers.h" />
    <ClInclude Include="dart_script_instance.h" />
    <ClInclude Include="gde_dart_converters.h" />
    <ClInclude Include="gde_c_interface.h" />
    <ClInclude Include="ref_counted_wrapper.h" />
    <ClInclude Include="dart_godot_binding.h" />
    <ClInclude Include="dart_helpers.h" />
  </ItemGroup>
  <ItemGroup>
    <None Include=".clang-format" />
  </ItemGroup>
</Project>