# Generated by pub
# See https://dart.dev/tools/pub/glossary#lockfile
packages:
  collection:
    dependency: "direct main"
    description:
      name: collection
      sha256: f092b211a4319e98e5ff58223576de6c2803db36221657b46c82574721240687
      url: "https://pub.dev"
    source: hosted
    version: "1.17.2"
  ffi:
    dependency: "direct main"
    description:
      name: ffi
      sha256: a38574032c5f1dd06c4aee541789906c12ccaab8ba01446e800d9c5b79c4a978
      url: "https://pub.dev"
    source: hosted
    version: "2.0.1"
  godot_dart:
    dependency: "direct main"
    description:
      path: "../../src/dart"
      relative: true
    source: path
    version: "1.0.0"
  lints:
    dependency: "direct dev"
    description:
      name: lints
      sha256: "5e4a9cd06d447758280a8ac2405101e0e2094d2a1dbdd3756aec3fe7775ba593"
      url: "https://pub.dev"
    source: hosted
    version: "2.0.1"
  meta:
    dependency: transitive
    description:
      name: meta
      sha256: "12307e7f0605ce3da64cf0db90e5fcab0869f3ca03f76be6bb2991ce0a55e82b"
      url: "https://pub.dev"
    source: hosted
    version: "1.9.0"
  path:
    dependency: transitive
    description:
      name: path
      sha256: "8829d8a55c13fc0e37127c29fedf290c102f4e40ae94ada574091fe0ff96c917"
      url: "https://pub.dev"
    source: hosted
    version: "1.8.3"
sdks:
  dart: ">=2.18.2 <4.0.0"
